
Microsoft Visual Studio Solution File, Format Version 12.00
# Visual Studio Version 16
VisualStudioVersion = 16.0.30717.126
MinimumVisualStudioVersion = 15.0.26124.0
Project("{9A19103F-16F7-4668-BE54-9A1E7A4F7556}") = "ESourcing.Products", "ESourcing.Products\ESourcing.Products.csproj", "{FD948C11-53DF-4CDB-A2E3-27F32DECBA86}"
EndProject
Project("{2150E333-8FDC-42A3-9474-1A3956D46DE8}") = "Products", "Products", "{98272A12-E582-4F0E-8255-258B727CA400}"
EndProject
Project("{2150E333-8FDC-42A3-9474-1A3956D46DE8}") = "Src", "Src", "{BF81E888-A816-4F4D-B067-6894CFFBC682}"
EndProject
Project("{2150E333-8FDC-42A3-9474-1A3956D46DE8}") = "ApiGetway", "ApiGetway", "{A9F0DFC6-8229-4ADE-9C9F-508DC45ED8BD}"
EndProject
Project("{2150E333-8FDC-42A3-9474-1A3956D46DE8}") = "Services", "Services", "{851C8451-D047-422B-91B5-7C717A2382A8}"
EndProject
Project("{2150E333-8FDC-42A3-9474-1A3956D46DE8}") = "WebApp", "WebApp", "{980CDBE9-7F7C-43EA-9E9F-E7EB5545A9AE}"
EndProject
Project("{2150E333-8FDC-42A3-9474-1A3956D46DE8}") = "Common", "Common", "{FA106E7C-0044-4D45-8D27-8772E7142F30}"
EndProject
Project("{2150E333-8FDC-42A3-9474-1A3956D46DE8}") = "Order", "Order", "{7D46375E-3B32-44E2-9AB3-C98FD2AA3518}"
EndProject
Project("{2150E333-8FDC-42A3-9474-1A3956D46DE8}") = "Sourcing", "Sourcing", "{177986F1-D819-422B-A7D2-2F65C6851B14}"
EndProject
Project("{E53339B2-1760-4266-BCC7-CA923CBCF16C}") = "docker-compose", "docker-compose.dcproj", "{4672955D-D00D-497E-84B4-B3CBE85B9D7D}"
EndProject
Project("{FAE04EC0-301F-11D3-BF4B-00C04F79EFBC}") = "Esourcing.Sourcing", "Esourcing.Sourcing\Esourcing.Sourcing.csproj", "{62F299F7-511E-4941-A5E9-3DBE6577B196}"
EndProject
Global
	GlobalSection(SolutionConfigurationPlatforms) = preSolution
		Debug|Any CPU = Debug|Any CPU
		Debug|x64 = Debug|x64
		Debug|x86 = Debug|x86
		Release|Any CPU = Release|Any CPU
		Release|x64 = Release|x64
		Release|x86 = Release|x86
	EndGlobalSection
	GlobalSection(ProjectConfigurationPlatforms) = postSolution
		{FD948C11-53DF-4CDB-A2E3-27F32DECBA86}.Debug|Any CPU.ActiveCfg = Debug|Any CPU
		{FD948C11-53DF-4CDB-A2E3-27F32DECBA86}.Debug|Any CPU.Build.0 = Debug|Any CPU
		{FD948C11-53DF-4CDB-A2E3-27F32DECBA86}.Debug|x64.ActiveCfg = Debug|Any CPU
		{FD948C11-53DF-4CDB-A2E3-27F32DECBA86}.Debug|x64.Build.0 = Debug|Any CPU
		{FD948C11-53DF-4CDB-A2E3-27F32DECBA86}.Debug|x86.ActiveCfg = Debug|Any CPU
		{FD948C11-53DF-4CDB-A2E3-27F32DECBA86}.Debug|x86.Build.0 = Debug|Any CPU
		{FD948C11-53DF-4CDB-A2E3-27F32DECBA86}.Release|Any CPU.ActiveCfg = Release|Any CPU
		{FD948C11-53DF-4CDB-A2E3-27F32DECBA86}.Release|Any CPU.Build.0 = Release|Any CPU
		{FD948C11-53DF-4CDB-A2E3-27F32DECBA86}.Release|x64.ActiveCfg = Release|Any CPU
		{FD948C11-53DF-4CDB-A2E3-27F32DECBA86}.Release|x64.Build.0 = Release|Any CPU
		{FD948C11-53DF-4CDB-A2E3-27F32DECBA86}.Release|x86.ActiveCfg = Release|Any CPU
		{FD948C11-53DF-4CDB-A2E3-27F32DECBA86}.Release|x86.Build.0 = Release|Any CPU
		{4672955D-D00D-497E-84B4-B3CBE85B9D7D}.Debug|Any CPU.ActiveCfg = Debug|Any CPU
		{4672955D-D00D-497E-84B4-B3CBE85B9D7D}.Debug|Any CPU.Build.0 = Debug|Any CPU
		{4672955D-D00D-497E-84B4-B3CBE85B9D7D}.Debug|x64.ActiveCfg = Debug|Any CPU
		{4672955D-D00D-497E-84B4-B3CBE85B9D7D}.Debug|x64.Build.0 = Debug|Any CPU
		{4672955D-D00D-497E-84B4-B3CBE85B9D7D}.Debug|x86.ActiveCfg = Debug|Any CPU
		{4672955D-D00D-497E-84B4-B3CBE85B9D7D}.Debug|x86.Build.0 = Debug|Any CPU
		{4672955D-D00D-497E-84B4-B3CBE85B9D7D}.Release|Any CPU.ActiveCfg = Release|Any CPU
		{4672955D-D00D-497E-84B4-B3CBE85B9D7D}.Release|Any CPU.Build.0 = Release|Any CPU
		{4672955D-D00D-497E-84B4-B3CBE85B9D7D}.Release|x64.ActiveCfg = Release|Any CPU
		{4672955D-D00D-497E-84B4-B3CBE85B9D7D}.Release|x64.Build.0 = Release|Any CPU
		{4672955D-D00D-497E-84B4-B3CBE85B9D7D}.Release|x86.ActiveCfg = Release|Any CPU
		{4672955D-D00D-497E-84B4-B3CBE85B9D7D}.Release|x86.Build.0 = Release|Any CPU
		{62F299F7-511E-4941-A5E9-3DBE6577B196}.Debug|Any CPU.ActiveCfg = Debug|Any CPU
		{62F299F7-511E-4941-A5E9-3DBE6577B196}.Debug|Any CPU.Build.0 = Debug|Any CPU
		{62F299F7-511E-4941-A5E9-3DBE6577B196}.Debug|x64.ActiveCfg = Debug|Any CPU
		{62F299F7-511E-4941-A5E9-3DBE6577B196}.Debug|x64.Build.0 = Debug|Any CPU
		{62F299F7-511E-4941-A5E9-3DBE6577B196}.Debug|x86.ActiveCfg = Debug|Any CPU
		{62F299F7-511E-4941-A5E9-3DBE6577B196}.Debug|x86.Build.0 = Debug|Any CPU
		{62F299F7-511E-4941-A5E9-3DBE6577B196}.Release|Any CPU.ActiveCfg = Release|Any CPU
		{62F299F7-511E-4941-A5E9-3DBE6577B196}.Release|Any CPU.Build.0 = Release|Any CPU
		{62F299F7-511E-4941-A5E9-3DBE6577B196}.Release|x64.ActiveCfg = Release|Any CPU
		{62F299F7-511E-4941-A5E9-3DBE6577B196}.Release|x64.Build.0 = Release|Any CPU
		{62F299F7-511E-4941-A5E9-3DBE6577B196}.Release|x86.ActiveCfg = Release|Any CPU
		{62F299F7-511E-4941-A5E9-3DBE6577B196}.Release|x86.Build.0 = Release|Any CPU
	EndGlobalSection
	GlobalSection(SolutionProperties) = preSolution
		HideSolutionNode = FALSE
	EndGlobalSection
	GlobalSection(NestedProjects) = preSolution
		{FD948C11-53DF-4CDB-A2E3-27F32DECBA86} = {98272A12-E582-4F0E-8255-258B727CA400}
		{98272A12-E582-4F0E-8255-258B727CA400} = {851C8451-D047-422B-91B5-7C717A2382A8}
		{A9F0DFC6-8229-4ADE-9C9F-508DC45ED8BD} = {BF81E888-A816-4F4D-B067-6894CFFBC682}
		{851C8451-D047-422B-91B5-7C717A2382A8} = {BF81E888-A816-4F4D-B067-6894CFFBC682}
		{980CDBE9-7F7C-43EA-9E9F-E7EB5545A9AE} = {BF81E888-A816-4F4D-B067-6894CFFBC682}
		{FA106E7C-0044-4D45-8D27-8772E7142F30} = {851C8451-D047-422B-91B5-7C717A2382A8}
		{7D46375E-3B32-44E2-9AB3-C98FD2AA3518} = {851C8451-D047-422B-91B5-7C717A2382A8}
		{177986F1-D819-422B-A7D2-2F65C6851B14} = {851C8451-D047-422B-91B5-7C717A2382A8}
		{62F299F7-511E-4941-A5E9-3DBE6577B196} = {177986F1-D819-422B-A7D2-2F65C6851B14}
	EndGlobalSection
	GlobalSection(ExtensibilityGlobals) = postSolution
		SolutionGuid = {4894C7E9-ADE1-4853-A831-776F1377AD04}
	EndGlobalSection
EndGlobal
